
Microsoft Visual Studio Solution File, Format Version 12.00
# Visual Studio Version 16
VisualStudioVersion = 16.0.32106.194
MinimumVisualStudioVersion = 10.0.40219.1
Project("{FAE04EC0-301F-11D3-BF4B-00C04F79EFBC}") = "ToDoList_Backend_2", "ToDoList_Backend_2\ToDoList_Backend_2.csproj", "{65E18AC2-A1B4-4A1D-BC15-176269D3E293}"
EndProject
Global
	GlobalSection(SolutionConfigurationPlatforms) = preSolution
		Debug|Any CPU = Debug|Any CPU
		Release|Any CPU = Release|Any CPU
	EndGlobalSection
	GlobalSection(ProjectConfigurationPlatforms) = postSolution
		{65E18AC2-A1B4-4A1D-BC15-176269D3E293}.Debug|Any CPU.ActiveCfg = Debug|Any CPU
		{65E18AC2-A1B4-4A1D-BC15-176269D3E293}.Debug|Any CPU.Build.0 = Debug|Any CPU
		{65E18AC2-A1B4-4A1D-BC15-176269D3E293}.Release|Any CPU.ActiveCfg = Release|Any CPU
		{65E18AC2-A1B4-4A1D-BC15-176269D3E293}.Release|Any CPU.Build.0 = Release|Any CPU
	EndGlobalSection
	GlobalSection(SolutionProperties) = preSolution
		HideSolutionNode = FALSE
	EndGlobalSection
	GlobalSection(ExtensibilityGlobals) = postSolution
		SolutionGuid = {8F2E2A42-E831-4A3D-BE5B-328B0A487FA2}
	EndGlobalSection
EndGlobal
